
Microsoft Visual Studio Solution File, Format Version 12.00
Project("{FAE04EC0-301F-11D3-BF4B-00C04F79EFBC}") = "Tracer.Core", "Tracer.Core\Tracer.Core.csproj", "{00F0A7FD-304D-4E77-B28F-52F2188B029A}"
EndProject
Project("{FAE04EC0-301F-11D3-BF4B-00C04F79EFBC}") = "Tracer.Core.Tests", "Tracer.Core.Tests\Tracer.Core.Tests.csproj", "{7C8E03F0-6B2C-4B29-88B4-A2626E0D083F}"
EndProject
Project("{FAE04EC0-301F-11D3-BF4B-00C04F79EFBC}") = "Tracer.Serialization.Abstractions", "Tracer.Serialization.Abstractions\Tracer.Serialization.Abstractions.csproj", "{070FCB8B-A740-4664-8B42-0382F6DEFD6C}"
EndProject
Project("{FAE04EC0-301F-11D3-BF4B-00C04F79EFBC}") = "Tracer.Example", "Tracer.Example\Tracer.Example.csproj", "{E1FF2A0F-72CF-4C4C-8DAE-30F8B6A60A02}"
EndProject
Global
	GlobalSection(SolutionConfigurationPlatforms) = preSolution
		Debug|Any CPU = Debug|Any CPU
		Release|Any CPU = Release|Any CPU
	EndGlobalSection
	GlobalSection(ProjectConfigurationPlatforms) = postSolution
		{00F0A7FD-304D-4E77-B28F-52F2188B029A}.Debug|Any CPU.ActiveCfg = Debug|Any CPU
		{00F0A7FD-304D-4E77-B28F-52F2188B029A}.Debug|Any CPU.Build.0 = Debug|Any CPU
		{00F0A7FD-304D-4E77-B28F-52F2188B029A}.Release|Any CPU.ActiveCfg = Release|Any CPU
		{00F0A7FD-304D-4E77-B28F-52F2188B029A}.Release|Any CPU.Build.0 = Release|Any CPU
		{7C8E03F0-6B2C-4B29-88B4-A2626E0D083F}.Debug|Any CPU.ActiveCfg = Debug|Any CPU
		{7C8E03F0-6B2C-4B29-88B4-A2626E0D083F}.Debug|Any CPU.Build.0 = Debug|Any CPU
		{7C8E03F0-6B2C-4B29-88B4-A2626E0D083F}.Release|Any CPU.ActiveCfg = Release|Any CPU
		{7C8E03F0-6B2C-4B29-88B4-A2626E0D083F}.Release|Any CPU.Build.0 = Release|Any CPU
		{070FCB8B-A740-4664-8B42-0382F6DEFD6C}.Debug|Any CPU.ActiveCfg = Debug|Any CPU
		{070FCB8B-A740-4664-8B42-0382F6DEFD6C}.Debug|Any CPU.Build.0 = Debug|Any CPU
		{070FCB8B-A740-4664-8B42-0382F6DEFD6C}.Release|Any CPU.ActiveCfg = Release|Any CPU
		{070FCB8B-A740-4664-8B42-0382F6DEFD6C}.Release|Any CPU.Build.0 = Release|Any CPU
		{E1FF2A0F-72CF-4C4C-8DAE-30F8B6A60A02}.Debug|Any CPU.ActiveCfg = Debug|Any CPU
		{E1FF2A0F-72CF-4C4C-8DAE-30F8B6A60A02}.Debug|Any CPU.Build.0 = Debug|Any CPU
		{E1FF2A0F-72CF-4C4C-8DAE-30F8B6A60A02}.Release|Any CPU.ActiveCfg = Release|Any CPU
		{E1FF2A0F-72CF-4C4C-8DAE-30F8B6A60A02}.Release|Any CPU.Build.0 = Release|Any CPU
	EndGlobalSection
EndGlobal
